
Microsoft Visual Studio Solution File, Format Version 12.00
# Visual Studio Version 17
VisualStudioVersion = 17.6.33723.286
MinimumVisualStudioVersion = 10.0.40219.1
Project("{9A19103F-16F7-4668-BE54-9A1E7A4F7556}") = "MainRobot", "MainRobot.csproj", "{560AE701-5C03-4F98-9175-659282F4A714}"
EndProject
Project("{9A19103F-16F7-4668-BE54-9A1E7A4F7556}") = "Robot.Test", "..\Robot.Test\Robot.Test.csproj", "{73D04422-89AD-4E57-A589-BE7525AED8E6}"
EndProject
Project("{9A19103F-16F7-4668-BE54-9A1E7A4F7556}") = "WindowFormRobotEmulator", "..\Robot.Emulator\WinFormsApp1\WindowFormRobotEmulator.csproj", "{9CFCFCAA-CA1F-4EFC-B113-A8AD7099E2AF}"
EndProject
Project("{9A19103F-16F7-4668-BE54-9A1E7A4F7556}") = "Robot.Common", "..\Robot.Common\Robot.Common.csproj", "{6A6186E9-4363-45FF-B94B-F19DA39800AB}"
EndProject
Project("{9A19103F-16F7-4668-BE54-9A1E7A4F7556}") = "WindowFormRobotEmulatorTest", "..\WindowFormRobotEmulatorTest\WindowFormRobotEmulatorTest.csproj", "{006674C8-AF69-4C77-B5CC-1B0CD9471334}"
EndProject
Global
	GlobalSection(SolutionConfigurationPlatforms) = preSolution
		Debug|Any CPU = Debug|Any CPU
		Release|Any CPU = Release|Any CPU
	EndGlobalSection
	GlobalSection(ProjectConfigurationPlatforms) = postSolution
		{560AE701-5C03-4F98-9175-659282F4A714}.Debug|Any CPU.ActiveCfg = Debug|Any CPU
		{560AE701-5C03-4F98-9175-659282F4A714}.Debug|Any CPU.Build.0 = Debug|Any CPU
		{560AE701-5C03-4F98-9175-659282F4A714}.Release|Any CPU.ActiveCfg = Release|Any CPU
		{560AE701-5C03-4F98-9175-659282F4A714}.Release|Any CPU.Build.0 = Release|Any CPU
		{73D04422-89AD-4E57-A589-BE7525AED8E6}.Debug|Any CPU.ActiveCfg = Debug|Any CPU
		{73D04422-89AD-4E57-A589-BE7525AED8E6}.Debug|Any CPU.Build.0 = Debug|Any CPU
		{73D04422-89AD-4E57-A589-BE7525AED8E6}.Release|Any CPU.ActiveCfg = Release|Any CPU
		{73D04422-89AD-4E57-A589-BE7525AED8E6}.Release|Any CPU.Build.0 = Release|Any CPU
		{9CFCFCAA-CA1F-4EFC-B113-A8AD7099E2AF}.Debug|Any CPU.ActiveCfg = Debug|Any CPU
		{9CFCFCAA-CA1F-4EFC-B113-A8AD7099E2AF}.Debug|Any CPU.Build.0 = Debug|Any CPU
		{9CFCFCAA-CA1F-4EFC-B113-A8AD7099E2AF}.Release|Any CPU.ActiveCfg = Release|Any CPU
		{9CFCFCAA-CA1F-4EFC-B113-A8AD7099E2AF}.Release|Any CPU.Build.0 = Release|Any CPU
		{6A6186E9-4363-45FF-B94B-F19DA39800AB}.Debug|Any CPU.ActiveCfg = Debug|Any CPU
		{6A6186E9-4363-45FF-B94B-F19DA39800AB}.Debug|Any CPU.Build.0 = Debug|Any CPU
		{6A6186E9-4363-45FF-B94B-F19DA39800AB}.Release|Any CPU.ActiveCfg = Release|Any CPU
		{6A6186E9-4363-45FF-B94B-F19DA39800AB}.Release|Any CPU.Build.0 = Release|Any CPU
		{006674C8-AF69-4C77-B5CC-1B0CD9471334}.Debug|Any CPU.ActiveCfg = Debug|Any CPU
		{006674C8-AF69-4C77-B5CC-1B0CD9471334}.Debug|Any CPU.Build.0 = Debug|Any CPU
		{006674C8-AF69-4C77-B5CC-1B0CD9471334}.Release|Any CPU.ActiveCfg = Release|Any CPU
		{006674C8-AF69-4C77-B5CC-1B0CD9471334}.Release|Any CPU.Build.0 = Release|Any CPU
	EndGlobalSection
	GlobalSection(SolutionProperties) = preSolution
		HideSolutionNode = FALSE
	EndGlobalSection
	GlobalSection(ExtensibilityGlobals) = postSolution
		SolutionGuid = {13B57030-2356-4FBA-94E7-A78CBCBF7BF6}
	EndGlobalSection
EndGlobal
